
Microsoft Visual Studio Solution File, Format Version 12.00
# Visual Studio Version 16
VisualStudioVersion = 16.0.31729.503
MinimumVisualStudioVersion = 10.0.40219.1
Project("{8BC9CEB8-8B4A-11D0-8D11-00A0C91BC942}") = "SimConnect", "SimConnect\SimConnect.vcxproj", "{906228FC-C96B-4F48-B09F-10A300D8695E}"
EndProject
Global
	GlobalSection(SolutionConfigurationPlatforms) = preSolution
		Debug|x64 = Debug|x64
		Debug|x86 = Debug|x86
		Release|x64 = Release|x64
		Release|x86 = Release|x86
	EndGlobalSection
	GlobalSection(ProjectConfigurationPlatforms) = postSolution
		{906228FC-C96B-4F48-B09F-10A300D8695E}.Debug|x64.ActiveCfg = Debug|x64
		{906228FC-C96B-4F48-B09F-10A300D8695E}.Debug|x64.Build.0 = Debug|x64
		{906228FC-C96B-4F48-B09F-10A300D8695E}.Debug|x86.ActiveCfg = Debug|Win32
		{906228FC-C96B-4F48-B09F-10A300D8695E}.Debug|x86.Build.0 = Debug|Win32
		{906228FC-C96B-4F48-B09F-10A300D8695E}.Release|x64.ActiveCfg = Release|x64
		{906228FC-C96B-4F48-B09F-10A300D8695E}.Release|x64.Build.0 = Release|x64
		{906228FC-C96B-4F48-B09F-10A300D8695E}.Release|x86.ActiveCfg = Release|Win32
		{906228FC-C96B-4F48-B09F-10A300D8695E}.Release|x86.Build.0 = Release|Win32
	EndGlobalSection
	GlobalSection(SolutionProperties) = preSolution
		HideSolutionNode = FALSE
	EndGlobalSection
	GlobalSection(ExtensibilityGlobals) = postSolution
		SolutionGuid = {236B9731-5241-41B3-9CA5-D25CF273F89C}
	EndGlobalSection
EndGlobal
